
Microsoft Visual Studio Solution File, Format Version 12.00
# Visual Studio Version 17
VisualStudioVersion = 17.7.34031.279
MinimumVisualStudioVersion = 10.0.40219.1
Project("{FAE04EC0-301F-11D3-BF4B-00C04F79EFBC}") = "PublisherApp", "PublisherApp\PublisherApp.csproj", "{D2060E44-0C5B-4317-A113-2BDDEBDCFE7D}"
EndProject
Project("{FAE04EC0-301F-11D3-BF4B-00C04F79EFBC}") = "SubcriberApp", "SubcriberApp\SubcriberApp.csproj", "{E139DF7F-8C31-44ED-8624-694285CCF238}"
EndProject
Global
	GlobalSection(SolutionConfigurationPlatforms) = preSolution
		Debug|Any CPU = Debug|Any CPU
		Release|Any CPU = Release|Any CPU
	EndGlobalSection
	GlobalSection(ProjectConfigurationPlatforms) = postSolution
		{D2060E44-0C5B-4317-A113-2BDDEBDCFE7D}.Debug|Any CPU.ActiveCfg = Debug|Any CPU
		{D2060E44-0C5B-4317-A113-2BDDEBDCFE7D}.Debug|Any CPU.Build.0 = Debug|Any CPU
		{D2060E44-0C5B-4317-A113-2BDDEBDCFE7D}.Release|Any CPU.ActiveCfg = Release|Any CPU
		{D2060E44-0C5B-4317-A113-2BDDEBDCFE7D}.Release|Any CPU.Build.0 = Release|Any CPU
		{E139DF7F-8C31-44ED-8624-694285CCF238}.Debug|Any CPU.ActiveCfg = Debug|Any CPU
		{E139DF7F-8C31-44ED-8624-694285CCF238}.Debug|Any CPU.Build.0 = Debug|Any CPU
		{E139DF7F-8C31-44ED-8624-694285CCF238}.Release|Any CPU.ActiveCfg = Release|Any CPU
		{E139DF7F-8C31-44ED-8624-694285CCF238}.Release|Any CPU.Build.0 = Release|Any CPU
	EndGlobalSection
	GlobalSection(SolutionProperties) = preSolution
		HideSolutionNode = FALSE
	EndGlobalSection
	GlobalSection(ExtensibilityGlobals) = postSolution
		SolutionGuid = {EE56997B-F8A2-466A-92EE-97D88FF19358}
	EndGlobalSection
EndGlobal
