
Microsoft Visual Studio Solution File, Format Version 12.00
# Visual Studio Version 17
VisualStudioVersion = 17.7.34031.279
MinimumVisualStudioVersion = 10.0.40219.1
Project("{FAE04EC0-301F-11D3-BF4B-00C04F79EFBC}") = "BlobTriggerJayanth", "BlobTriggerJayanth\BlobTriggerJayanth.csproj", "{E53FA311-6657-4FAD-A9A7-5F06C5226B70}"
EndProject
Global
	GlobalSection(SolutionConfigurationPlatforms) = preSolution
		Debug|Any CPU = Debug|Any CPU
		Release|Any CPU = Release|Any CPU
	EndGlobalSection
	GlobalSection(ProjectConfigurationPlatforms) = postSolution
		{E53FA311-6657-4FAD-A9A7-5F06C5226B70}.Debug|Any CPU.ActiveCfg = Debug|Any CPU
		{E53FA311-6657-4FAD-A9A7-5F06C5226B70}.Debug|Any CPU.Build.0 = Debug|Any CPU
		{E53FA311-6657-4FAD-A9A7-5F06C5226B70}.Release|Any CPU.ActiveCfg = Release|Any CPU
		{E53FA311-6657-4FAD-A9A7-5F06C5226B70}.Release|Any CPU.Build.0 = Release|Any CPU
	EndGlobalSection
	GlobalSection(SolutionProperties) = preSolution
		HideSolutionNode = FALSE
	EndGlobalSection
	GlobalSection(ExtensibilityGlobals) = postSolution
		SolutionGuid = {26E30E32-7F16-4F1F-925A-35A48FF62AD3}
	EndGlobalSection
EndGlobal
